// !$*UTF8*$!
{
	archiveVersion = 1;
	classes = {
	};
	objectVersion = 56;
	objects = {

/* Begin PBXBuildFile section */
		9802C0232A0B39AA003E655B /* AppDelegate.swift in Sources */ = {isa = PBXBuildFile; fileRef = 9802C0222A0B39AA003E655B /* AppDelegate.swift */; };
		9802C0252A0B39AB003E655B /* Assets.xcassets in Resources */ = {isa = PBXBuildFile; fileRef = 9802C0242A0B39AB003E655B /* Assets.xcassets */; };
		9802C0282A0B39AB003E655B /* MainMenu.xib in Resources */ = {isa = PBXBuildFile; fileRef = 9802C0262A0B39AB003E655B /* MainMenu.xib */; };
		986E64F72A0B736A00ED742A /* MainWindowController.swift in Sources */ = {isa = PBXBuildFile; fileRef = 986E64F52A0B736A00ED742A /* MainWindowController.swift */; };
		986E64F82A0B736A00ED742A /* MainWindowController.xib in Resources */ = {isa = PBXBuildFile; fileRef = 986E64F62A0B736A00ED742A /* MainWindowController.xib */; };
		986E64FA2A0B73D700ED742A /* NodesInfoVC.swift in Sources */ = {isa = PBXBuildFile; fileRef = 986E64F92A0B73D700ED742A /* NodesInfoVC.swift */; };
		986E65122A0B7A3600ED742A /* TotoVpnManager.swift in Sources */ = {isa = PBXBuildFile; fileRef = 986E65112A0B7A3600ED742A /* TotoVpnManager.swift */; };
		986E65372A0E087600ED742A /* NetworkExtension.framework in Frameworks */ = {isa = PBXBuildFile; fileRef = 986E65012A0B796300ED742A /* NetworkExtension.framework */; };
		986E653B2A0E087600ED742A /* PacketTunnelProvider.m in Sources */ = {isa = PBXBuildFile; fileRef = 986E653A2A0E087600ED742A /* PacketTunnelProvider.m */; };
		986E65422A0E087600ED742A /* com.adong.iOS.swift.NetworkExtentionForMacDemo.VPNTunnel.systemextension in Embed System Extensions */ = {isa = PBXBuildFile; fileRef = 986E65362A0E087600ED742A /* com.adong.iOS.swift.NetworkExtentionForMacDemo.VPNTunnel.systemextension */; settings = {ATTRIBUTES = (RemoveHeadersOnCopy, ); }; };
		986E65482A0E0AD700ED742A /* NetworkExtension.framework in Frameworks */ = {isa = PBXBuildFile; fileRef = 986E65012A0B796300ED742A /* NetworkExtension.framework */; };
		986E654C2A1355DE00ED742A /* main.m in Sources */ = {isa = PBXBuildFile; fileRef = 986E653C2A0E087600ED742A /* main.m */; };
/* End PBXBuildFile section */

/* Begin PBXContainerItemProxy section */
		986E65402A0E087600ED742A /* PBXContainerItemProxy */ = {
			isa = PBXContainerItemProxy;
			containerPortal = 9802C0172A0B39A9003E655B /* Project object */;
			proxyType = 1;
			remoteGlobalIDString = 986E65352A0E087600ED742A;
			remoteInfo = VPNTunnel;
		};
/* End PBXContainerItemProxy section */

/* Begin PBXCopyFilesBuildPhase section */
		986E652D2A0CE0B000ED742A /* Embed Foundation Extensions */ = {
			isa = PBXCopyFilesBuildPhase;
			buildActionMask = 2147483647;
			dstPath = "";
			dstSubfolderSpec = 13;
			files = (
			);
			name = "Embed Foundation Extensions";
			runOnlyForDeploymentPostprocessing = 0;
		};
		986E65462A0E087600ED742A /* Embed System Extensions */ = {
			isa = PBXCopyFilesBuildPhase;
			buildActionMask = 2147483647;
			dstPath = "$(SYSTEM_EXTENSIONS_FOLDER_PATH)";
			dstSubfolderSpec = 16;
			files = (
				986E65422A0E087600ED742A /* com.adong.iOS.swift.NetworkExtentionForMacDemo.VPNTunnel.systemextension in Embed System Extensions */,
			);
			name = "Embed System Extensions";
			runOnlyForDeploymentPostprocessing = 0;
		};
/* End PBXCopyFilesBuildPhase section */

/* Begin PBXFileReference section */
		9802C01F2A0B39AA003E655B /* NetworkExtentionForMacDemo.app */ = {isa = PBXFileReference; explicitFileType = wrapper.application; includeInIndex = 0; path = NetworkExtentionForMacDemo.app; sourceTree = BUILT_PRODUCTS_DIR; };
		9802C0222A0B39AA003E655B /* AppDelegate.swift */ = {isa = PBXFileReference; lastKnownFileType = sourcecode.swift; path = AppDelegate.swift; sourceTree = "<group>"; };
		9802C0242A0B39AB003E655B /* Assets.xcassets */ = {isa = PBXFileReference; lastKnownFileType = folder.assetcatalog; path = Assets.xcassets; sourceTree = "<group>"; };
		9802C0272A0B39AB003E655B /* Base */ = {isa = PBXFileReference; lastKnownFileType = file.xib; name = Base; path = Base.lproj/MainMenu.xib; sourceTree = "<group>"; };
		986E64F52A0B736A00ED742A /* MainWindowController.swift */ = {isa = PBXFileReference; lastKnownFileType = sourcecode.swift; path = MainWindowController.swift; sourceTree = "<group>"; };
		986E64F62A0B736A00ED742A /* MainWindowController.xib */ = {isa = PBXFileReference; lastKnownFileType = file.xib; path = MainWindowController.xib; sourceTree = "<group>"; };
		986E64F92A0B73D700ED742A /* NodesInfoVC.swift */ = {isa = PBXFileReference; lastKnownFileType = sourcecode.swift; path = NodesInfoVC.swift; sourceTree = "<group>"; };
		986E65012A0B796300ED742A /* NetworkExtension.framework */ = {isa = PBXFileReference; lastKnownFileType = wrapper.framework; name = NetworkExtension.framework; path = System/Library/Frameworks/NetworkExtension.framework; sourceTree = SDKROOT; };
		986E65112A0B7A3600ED742A /* TotoVpnManager.swift */ = {isa = PBXFileReference; lastKnownFileType = sourcecode.swift; path = TotoVpnManager.swift; sourceTree = "<group>"; };
		986E65132A0B7C3800ED742A /* Info.plist */ = {isa = PBXFileReference; lastKnownFileType = text.plist; path = Info.plist; sourceTree = "<group>"; };
		986E65142A0CC39100ED742A /* NetworkExtentionForMacDemo.entitlements */ = {isa = PBXFileReference; fileEncoding = 4; lastKnownFileType = text.plist.entitlements; path = NetworkExtentionForMacDemo.entitlements; sourceTree = "<group>"; };
		986E65162A0CCFFC00ED742A /* libresolv.tbd */ = {isa = PBXFileReference; lastKnownFileType = "sourcecode.text-based-dylib-definition"; name = libresolv.tbd; path = usr/lib/libresolv.tbd; sourceTree = SDKROOT; };
		986E65362A0E087600ED742A /* com.adong.iOS.swift.NetworkExtentionForMacDemo.VPNTunnel.systemextension */ = {isa = PBXFileReference; explicitFileType = "wrapper.system-extension"; includeInIndex = 0; path = com.adong.iOS.swift.NetworkExtentionForMacDemo.VPNTunnel.systemextension; sourceTree = BUILT_PRODUCTS_DIR; };
		986E65392A0E087600ED742A /* PacketTunnelProvider.h */ = {isa = PBXFileReference; lastKnownFileType = sourcecode.c.h; path = PacketTunnelProvider.h; sourceTree = "<group>"; };
		986E653A2A0E087600ED742A /* PacketTunnelProvider.m */ = {isa = PBXFileReference; lastKnownFileType = sourcecode.c.objc; path = PacketTunnelProvider.m; sourceTree = "<group>"; };
		986E653C2A0E087600ED742A /* main.m */ = {isa = PBXFileReference; lastKnownFileType = sourcecode.c.objc; path = main.m; sourceTree = "<group>"; };
		986E653E2A0E087600ED742A /* Info.plist */ = {isa = PBXFileReference; lastKnownFileType = text.plist.xml; path = Info.plist; sourceTree = "<group>"; };
		986E653F2A0E087600ED742A /* VPNTunnel.entitlements */ = {isa = PBXFileReference; lastKnownFileType = text.plist.entitlements; path = VPNTunnel.entitlements; sourceTree = "<group>"; };
/* End PBXFileReference section */

/* Begin PBXFrameworksBuildPhase section */
		9802C01C2A0B39AA003E655B /* Frameworks */ = {
			isa = PBXFrameworksBuildPhase;
			buildActionMask = 2147483647;
			files = (
				986E65482A0E0AD700ED742A /* NetworkExtension.framework in Frameworks */,
			);
			runOnlyForDeploymentPostprocessing = 0;
		};
		986E65332A0E087600ED742A /* Frameworks */ = {
			isa = PBXFrameworksBuildPhase;
			buildActionMask = 2147483647;
			files = (
				986E65372A0E087600ED742A /* NetworkExtension.framework in Frameworks */,
			);
			runOnlyForDeploymentPostprocessing = 0;
		};
/* End PBXFrameworksBuildPhase section */

/* Begin PBXGroup section */
		9802C0162A0B39A9003E655B = {
			isa = PBXGroup;
			children = (
				9802C0212A0B39AA003E655B /* NetworkExtentionForMacDemo */,
				986E65382A0E087600ED742A /* VPNTunnel */,
				986E65002A0B796300ED742A /* Frameworks */,
				9802C0202A0B39AA003E655B /* Products */,
			);
			sourceTree = "<group>";
		};
		9802C0202A0B39AA003E655B /* Products */ = {
			isa = PBXGroup;
			children = (
				9802C01F2A0B39AA003E655B /* NetworkExtentionForMacDemo.app */,
				986E65362A0E087600ED742A /* com.adong.iOS.swift.NetworkExtentionForMacDemo.VPNTunnel.systemextension */,
			);
			name = Products;
			sourceTree = "<group>";
		};
		9802C0212A0B39AA003E655B /* NetworkExtentionForMacDemo */ = {
			isa = PBXGroup;
			children = (
				986E65132A0B7C3800ED742A /* Info.plist */,
				986E65142A0CC39100ED742A /* NetworkExtentionForMacDemo.entitlements */,
				9802C0222A0B39AA003E655B /* AppDelegate.swift */,
				9802C0242A0B39AB003E655B /* Assets.xcassets */,
				9802C0262A0B39AB003E655B /* MainMenu.xib */,
				986E64F52A0B736A00ED742A /* MainWindowController.swift */,
				986E64F92A0B73D700ED742A /* NodesInfoVC.swift */,
				986E65112A0B7A3600ED742A /* TotoVpnManager.swift */,
				986E64F62A0B736A00ED742A /* MainWindowController.xib */,
			);
			path = NetworkExtentionForMacDemo;
			sourceTree = "<group>";
		};
		986E65002A0B796300ED742A /* Frameworks */ = {
			isa = PBXGroup;
			children = (
				986E65162A0CCFFC00ED742A /* libresolv.tbd */,
				986E65012A0B796300ED742A /* NetworkExtension.framework */,
			);
			name = Frameworks;
			sourceTree = "<group>";
		};
		986E65382A0E087600ED742A /* VPNTunnel */ = {
			isa = PBXGroup;
			children = (
				986E65392A0E087600ED742A /* PacketTunnelProvider.h */,
				986E653A2A0E087600ED742A /* PacketTunnelProvider.m */,
				986E653C2A0E087600ED742A /* main.m */,
				986E653E2A0E087600ED742A /* Info.plist */,
				986E653F2A0E087600ED742A /* VPNTunnel.entitlements */,
			);
			path = VPNTunnel;
			sourceTree = "<group>";
		};
/* End PBXGroup section */

/* Begin PBXNativeTarget section */
		9802C01E2A0B39AA003E655B /* NetworkExtentionForMacDemo */ = {
			isa = PBXNativeTarget;
			buildConfigurationList = 9802C02C2A0B39AB003E655B /* Build configuration list for PBXNativeTarget "NetworkExtentionForMacDemo" */;
			buildPhases = (
				9802C01B2A0B39AA003E655B /* Sources */,
				9802C01C2A0B39AA003E655B /* Frameworks */,
				9802C01D2A0B39AA003E655B /* Resources */,
				986E652D2A0CE0B000ED742A /* Embed Foundation Extensions */,
				986E65462A0E087600ED742A /* Embed System Extensions */,
			);
			buildRules = (
			);
			dependencies = (
				986E65412A0E087600ED742A /* PBXTargetDependency */,
			);
			name = NetworkExtentionForMacDemo;
			productName = NetworkExtentionForMacDemo;
			productReference = 9802C01F2A0B39AA003E655B /* NetworkExtentionForMacDemo.app */;
			productType = "com.apple.product-type.application";
		};
		986E65352A0E087600ED742A /* VPNTunnel */ = {
			isa = PBXNativeTarget;
			buildConfigurationList = 986E65432A0E087600ED742A /* Build configuration list for PBXNativeTarget "VPNTunnel" */;
			buildPhases = (
				986E65322A0E087600ED742A /* Sources */,
				986E65332A0E087600ED742A /* Frameworks */,
				986E65342A0E087600ED742A /* Resources */,
			);
			buildRules = (
			);
			dependencies = (
			);
			name = VPNTunnel;
			productName = VPNTunnel;
			productReference = 986E65362A0E087600ED742A /* com.adong.iOS.swift.NetworkExtentionForMacDemo.VPNTunnel.systemextension */;
			productType = "com.apple.product-type.system-extension";
		};
/* End PBXNativeTarget section */

/* Begin PBXProject section */
		9802C0172A0B39A9003E655B /* Project object */ = {
			isa = PBXProject;
			attributes = {
				BuildIndependentTargetsInParallel = 1;
				LastSwiftUpdateCheck = 1400;
				LastUpgradeCheck = 1400;
				TargetAttributes = {
					9802C01E2A0B39AA003E655B = {
						CreatedOnToolsVersion = 14.0.1;
					};
					986E65352A0E087600ED742A = {
						CreatedOnToolsVersion = 14.0.1;
					};
				};
			};
			buildConfigurationList = 9802C01A2A0B39A9003E655B /* Build configuration list for PBXProject "NetworkExtentionForMacDemo" */;
			compatibilityVersion = "Xcode 14.0";
			developmentRegion = en;
			hasScannedForEncodings = 0;
			knownRegions = (
				en,
				Base,
			);
			mainGroup = 9802C0162A0B39A9003E655B;
			productRefGroup = 9802C0202A0B39AA003E655B /* Products */;
			projectDirPath = "";
			projectRoot = "";
			targets = (
				9802C01E2A0B39AA003E655B /* NetworkExtentionForMacDemo */,
				986E65352A0E087600ED742A /* VPNTunnel */,
			);
		};
/* End PBXProject section */

/* Begin PBXResourcesBuildPhase section */
		9802C01D2A0B39AA003E655B /* Resources */ = {
			isa = PBXResourcesBuildPhase;
			buildActionMask = 2147483647;
			files = (
				9802C0252A0B39AB003E655B /* Assets.xcassets in Resources */,
				986E64F82A0B736A00ED742A /* MainWindowController.xib in Resources */,
				9802C0282A0B39AB003E655B /* MainMenu.xib in Resources */,
			);
			runOnlyForDeploymentPostprocessing = 0;
		};
		986E65342A0E087600ED742A /* Resources */ = {
			isa = PBXResourcesBuildPhase;
			buildActionMask = 2147483647;
			files = (
			);
			runOnlyForDeploymentPostprocessing = 0;
		};
/* End PBXResourcesBuildPhase section */

/* Begin PBXSourcesBuildPhase section */
		9802C01B2A0B39AA003E655B /* Sources */ = {
			isa = PBXSourcesBuildPhase;
			buildActionMask = 2147483647;
			files = (
				986E65122A0B7A3600ED742A /* TotoVpnManager.swift in Sources */,
				986E64FA2A0B73D700ED742A /* NodesInfoVC.swift in Sources */,
				986E64F72A0B736A00ED742A /* MainWindowController.swift in Sources */,
				9802C0232A0B39AA003E655B /* AppDelegate.swift in Sources */,
			);
			runOnlyForDeploymentPostprocessing = 0;
		};
		986E65322A0E087600ED742A /* Sources */ = {
			isa = PBXSourcesBuildPhase;
			buildActionMask = 2147483647;
			files = (
				986E654C2A1355DE00ED742A /* main.m in Sources */,
				986E653B2A0E087600ED742A /* PacketTunnelProvider.m in Sources */,
			);
			runOnlyForDeploymentPostprocessing = 0;
		};
/* End PBXSourcesBuildPhase section */

/* Begin PBXTargetDependency section */
		986E65412A0E087600ED742A /* PBXTargetDependency */ = {
			isa = PBXTargetDependency;
			target = 986E65352A0E087600ED742A /* VPNTunnel */;
			targetProxy = 986E65402A0E087600ED742A /* PBXContainerItemProxy */;
		};
/* End PBXTargetDependency section */

/* Begin PBXVariantGroup section */
		9802C0262A0B39AB003E655B /* MainMenu.xib */ = {
			isa = PBXVariantGroup;
			children = (
				9802C0272A0B39AB003E655B /* Base */,
			);
			name = MainMenu.xib;
			sourceTree = "<group>";
		};
/* End PBXVariantGroup section */

/* Begin XCBuildConfiguration section */
		9802C02A2A0B39AB003E655B /* Debug */ = {
			isa = XCBuildConfiguration;
			buildSettings = {
				ALWAYS_SEARCH_USER_PATHS = NO;
				CLANG_ANALYZER_NONNULL = YES;
				CLANG_ANALYZER_NUMBER_OBJECT_CONVERSION = YES_AGGRESSIVE;
				CLANG_CXX_LANGUAGE_STANDARD = "gnu++20";
				CLANG_ENABLE_MODULES = YES;
				CLANG_ENABLE_OBJC_ARC = YES;
				CLANG_ENABLE_OBJC_WEAK = YES;
				CLANG_WARN_BLOCK_CAPTURE_AUTORELEASING = YES;
				CLANG_WARN_BOOL_CONVERSION = YES;
				CLANG_WARN_COMMA = YES;
				CLANG_WARN_CONSTANT_CONVERSION = YES;
				CLANG_WARN_DEPRECATED_OBJC_IMPLEMENTATIONS = YES;
				CLANG_WARN_DIRECT_OBJC_ISA_USAGE = YES_ERROR;
				CLANG_WARN_DOCUMENTATION_COMMENTS = YES;
				CLANG_WARN_EMPTY_BODY = YES;
				CLANG_WARN_ENUM_CONVERSION = YES;
				CLANG_WARN_INFINITE_RECURSION = YES;
				CLANG_WARN_INT_CONVERSION = YES;
				CLANG_WARN_NON_LITERAL_NULL_CONVERSION = YES;
				CLANG_WARN_OBJC_IMPLICIT_RETAIN_SELF = YES;
				CLANG_WARN_OBJC_LITERAL_CONVERSION = YES;
				CLANG_WARN_OBJC_ROOT_CLASS = YES_ERROR;
				CLANG_WARN_QUOTED_INCLUDE_IN_FRAMEWORK_HEADER = YES;
				CLANG_WARN_RANGE_LOOP_ANALYSIS = YES;
				CLANG_WARN_STRICT_PROTOTYPES = YES;
				CLANG_WARN_SUSPICIOUS_MOVE = YES;
				CLANG_WARN_UNGUARDED_AVAILABILITY = YES_AGGRESSIVE;
				CLANG_WARN_UNREACHABLE_CODE = YES;
				CLANG_WARN__DUPLICATE_METHOD_MATCH = YES;
				COPY_PHASE_STRIP = NO;
				DEBUG_INFORMATION_FORMAT = dwarf;
				ENABLE_STRICT_OBJC_MSGSEND = YES;
				ENABLE_TESTABILITY = YES;
				GCC_C_LANGUAGE_STANDARD = gnu11;
				GCC_DYNAMIC_NO_PIC = NO;
				GCC_NO_COMMON_BLOCKS = YES;
				GCC_OPTIMIZATION_LEVEL = 0;
				GCC_PREPROCESSOR_DEFINITIONS = (
					"DEBUG=1",
					"$(inherited)",
				);
				GCC_WARN_64_TO_32_BIT_CONVERSION = YES;
				GCC_WARN_ABOUT_RETURN_TYPE = YES_ERROR;
				GCC_WARN_UNDECLARED_SELECTOR = YES;
				GCC_WARN_UNINITIALIZED_AUTOS = YES_AGGRESSIVE;
				GCC_WARN_UNUSED_FUNCTION = YES;
				GCC_WARN_UNUSED_VARIABLE = YES;
				MACOSX_DEPLOYMENT_TARGET = 12.3;
				MTL_ENABLE_DEBUG_INFO = INCLUDE_SOURCE;
				MTL_FAST_MATH = YES;
				ONLY_ACTIVE_ARCH = YES;
				SDKROOT = macosx;
				SWIFT_ACTIVE_COMPILATION_CONDITIONS = DEBUG;
				SWIFT_OPTIMIZATION_LEVEL = "-Onone";
			};
			name = Debug;
		};
		9802C02B2A0B39AB003E655B /* Release */ = {
			isa = XCBuildConfiguration;
			buildSettings = {
				ALWAYS_SEARCH_USER_PATHS = NO;
				CLANG_ANALYZER_NONNULL = YES;
				CLANG_ANALYZER_NUMBER_OBJECT_CONVERSION = YES_AGGRESSIVE;
				CLANG_CXX_LANGUAGE_STANDARD = "gnu++20";
				CLANG_ENABLE_MODULES = YES;
				CLANG_ENABLE_OBJC_ARC = YES;
				CLANG_ENABLE_OBJC_WEAK = YES;
				CLANG_WARN_BLOCK_CAPTURE_AUTORELEASING = YES;
				CLANG_WARN_BOOL_CONVERSION = YES;
				CLANG_WARN_COMMA = YES;
				CLANG_WARN_CONSTANT_CONVERSION = YES;
				CLANG_WARN_DEPRECATED_OBJC_IMPLEMENTATIONS = YES;
				CLANG_WARN_DIRECT_OBJC_ISA_USAGE = YES_ERROR;
				CLANG_WARN_DOCUMENTATION_COMMENTS = YES;
				CLANG_WARN_EMPTY_BODY = YES;
				CLANG_WARN_ENUM_CONVERSION = YES;
				CLANG_WARN_INFINITE_RECURSION = YES;
				CLANG_WARN_INT_CONVERSION = YES;
				CLANG_WARN_NON_LITERAL_NULL_CONVERSION = YES;
				CLANG_WARN_OBJC_IMPLICIT_RETAIN_SELF = YES;
				CLANG_WARN_OBJC_LITERAL_CONVERSION = YES;
				CLANG_WARN_OBJC_ROOT_CLASS = YES_ERROR;
				CLANG_WARN_QUOTED_INCLUDE_IN_FRAMEWORK_HEADER = YES;
				CLANG_WARN_RANGE_LOOP_ANALYSIS = YES;
				CLANG_WARN_STRICT_PROTOTYPES = YES;
				CLANG_WARN_SUSPICIOUS_MOVE = YES;
				CLANG_WARN_UNGUARDED_AVAILABILITY = YES_AGGRESSIVE;
				CLANG_WARN_UNREACHABLE_CODE = YES;
				CLANG_WARN__DUPLICATE_METHOD_MATCH = YES;
				COPY_PHASE_STRIP = NO;
				DEBUG_INFORMATION_FORMAT = "dwarf-with-dsym";
				ENABLE_NS_ASSERTIONS = NO;
				ENABLE_STRICT_OBJC_MSGSEND = YES;
				GCC_C_LANGUAGE_STANDARD = gnu11;
				GCC_NO_COMMON_BLOCKS = YES;
				GCC_WARN_64_TO_32_BIT_CONVERSION = YES;
				GCC_WARN_ABOUT_RETURN_TYPE = YES_ERROR;
				GCC_WARN_UNDECLARED_SELECTOR = YES;
				GCC_WARN_UNINITIALIZED_AUTOS = YES_AGGRESSIVE;
				GCC_WARN_UNUSED_FUNCTION = YES;
				GCC_WARN_UNUSED_VARIABLE = YES;
				MACOSX_DEPLOYMENT_TARGET = 12.3;
				MTL_ENABLE_DEBUG_INFO = NO;
				MTL_FAST_MATH = YES;
				SDKROOT = macosx;
				SWIFT_COMPILATION_MODE = wholemodule;
				SWIFT_OPTIMIZATION_LEVEL = "-O";
			};
			name = Release;
		};
		9802C02D2A0B39AB003E655B /* Debug */ = {
			isa = XCBuildConfiguration;
			buildSettings = {
				ASSETCATALOG_COMPILER_APPICON_NAME = AppIcon;
				ASSETCATALOG_COMPILER_GLOBAL_ACCENT_COLOR_NAME = AccentColor;
				CODE_SIGN_ENTITLEMENTS = NetworkExtentionForMacDemo/NetworkExtentionForMacDemo.entitlements;
				CODE_SIGN_IDENTITY = "Apple Development";
				CODE_SIGN_STYLE = Automatic;
				COMBINE_HIDPI_IMAGES = YES;
				CURRENT_PROJECT_VERSION = 1;
				DEVELOPMENT_TEAM = AUK8L3ZFDZ;
				DSTROOT = "/tmp/$(PROJECT_NAME).dst";
				ENABLE_HARDENED_RUNTIME = NO;
				GENERATE_INFOPLIST_FILE = YES;
				INFOPLIST_FILE = NetworkExtentionForMacDemo/Info.plist;
				INFOPLIST_KEY_NSHumanReadableCopyright = "";
				INFOPLIST_KEY_NSMainNibFile = MainMenu;
				INFOPLIST_KEY_NSPrincipalClass = NSApplication;
				LD_RUNPATH_SEARCH_PATHS = (
					"$(inherited)",
					"@executable_path/../Frameworks",
				);
				MACOSX_DEPLOYMENT_TARGET = 10.15;
				MARKETING_VERSION = 1.0;
				PRODUCT_BUNDLE_IDENTIFIER = com.adong.iOS.swift.NetworkExtentionForMacDemo;
				PRODUCT_NAME = "$(TARGET_NAME)";
				PROVISIONING_PROFILE_SPECIFIER = "";
				SWIFT_EMIT_LOC_STRINGS = YES;
				SWIFT_VERSION = 5.0;
			};
			name = Debug;
		};
		9802C02E2A0B39AB003E655B /* Release */ = {
			isa = XCBuildConfiguration;
			buildSettings = {
				ASSETCATALOG_COMPILER_APPICON_NAME = AppIcon;
				ASSETCATALOG_COMPILER_GLOBAL_ACCENT_COLOR_NAME = AccentColor;
				CODE_SIGN_ENTITLEMENTS = NetworkExtentionForMacDemo/NetworkExtentionForMacDemo.entitlements;
				CODE_SIGN_IDENTITY = "Apple Development";
				CODE_SIGN_STYLE = Automatic;
				COMBINE_HIDPI_IMAGES = YES;
				CURRENT_PROJECT_VERSION = 1;
				DEVELOPMENT_TEAM = AUK8L3ZFDZ;
				ENABLE_HARDENED_RUNTIME = NO;
				GENERATE_INFOPLIST_FILE = YES;
				INFOPLIST_FILE = NetworkExtentionForMacDemo/Info.plist;
				INFOPLIST_KEY_NSHumanReadableCopyright = "";
				INFOPLIST_KEY_NSMainNibFile = MainMenu;
				INFOPLIST_KEY_NSPrincipalClass = NSApplication;
				LD_RUNPATH_SEARCH_PATHS = (
					"$(inherited)",
					"@executable_path/../Frameworks",
				);
				MACOSX_DEPLOYMENT_TARGET = 10.15;
				MARKETING_VERSION = 1.0;
				PRODUCT_BUNDLE_IDENTIFIER = com.adong.iOS.swift.NetworkExtentionForMacDemo;
				PRODUCT_NAME = "$(TARGET_NAME)";
				PROVISIONING_PROFILE_SPECIFIER = "";
				SWIFT_EMIT_LOC_STRINGS = YES;
				SWIFT_VERSION = 5.0;
			};
			name = Release;
		};
		986E65442A0E087600ED742A /* Debug */ = {
			isa = XCBuildConfiguration;
			buildSettings = {
				CODE_SIGN_ENTITLEMENTS = VPNTunnel/VPNTunnel.entitlements;
				CODE_SIGN_IDENTITY = "Apple Development";
				CODE_SIGN_STYLE = Automatic;
				CURRENT_PROJECT_VERSION = 1;
				DEVELOPMENT_TEAM = AUK8L3ZFDZ;
				ENABLE_HARDENED_RUNTIME = YES;
				GENERATE_INFOPLIST_FILE = YES;
				INFOPLIST_FILE = VPNTunnel/Info.plist;
				INFOPLIST_KEY_CFBundleDisplayName = VPNTunnel;
				INFOPLIST_KEY_NSHumanReadableCopyright = "";
				LD_RUNPATH_SEARCH_PATHS = (
					"$(inherited)",
					"@executable_path/../Frameworks",
					"@executable_path/../../../../Frameworks",
				);
				MACOSX_DEPLOYMENT_TARGET = 10.15;
				MARKETING_VERSION = 1.0;
				PRODUCT_BUNDLE_IDENTIFIER = com.adong.iOS.swift.NetworkExtentionForMacDemo.VPNTunnel;
				PRODUCT_NAME = "$(inherited)";
				SKIP_INSTALL = YES;
				SWIFT_EMIT_LOC_STRINGS = YES;
			};
			name = Debug;
		};
		986E65452A0E087600ED742A /* Release */ = {
			isa = XCBuildConfiguration;
			buildSettings = {
				CODE_SIGN_ENTITLEMENTS = VPNTunnel/VPNTunnel.entitlements;
				CODE_SIGN_IDENTITY = "Apple Development";
				CODE_SIGN_STYLE = Automatic;
				CURRENT_PROJECT_VERSION = 1;
				DEVELOPMENT_TEAM = AUK8L3ZFDZ;
				ENABLE_HARDENED_RUNTIME = YES;
				GENERATE_INFOPLIST_FILE = YES;
				INFOPLIST_FILE = VPNTunnel/Info.plist;
				INFOPLIST_KEY_CFBundleDisplayName = VPNTunnel;
				INFOPLIST_KEY_NSHumanReadableCopyright = "";
				LD_RUNPATH_SEARCH_PATHS = (
					"$(inherited)",
					"@executable_path/../Frameworks",
					"@executable_path/../../../../Frameworks",
				);
				MACOSX_DEPLOYMENT_TARGET = 10.15;
				MARKETING_VERSION = 1.0;
				PRODUCT_BUNDLE_IDENTIFIER = com.adong.iOS.swift.NetworkExtentionForMacDemo.VPNTunnel;
				PRODUCT_NAME = "$(inherited)";
				SKIP_INSTALL = YES;
				SWIFT_EMIT_LOC_STRINGS = YES;
			};
			name = Release;
		};
/* End XCBuildConfiguration section */

/* Begin XCConfigurationList section */
		9802C01A2A0B39A9003E655B /* Build configuration list for PBXProject "NetworkExtentionForMacDemo" */ = {
			isa = XCConfigurationList;
			buildConfigurations = (
				9802C02A2A0B39AB003E655B /* Debug */,
				9802C02B2A0B39AB003E655B /* Release */,
			);
			defaultConfigurationIsVisible = 0;
			defaultConfigurationName = Release;
		};
		9802C02C2A0B39AB003E655B /* Build configuration list for PBXNativeTarget "NetworkExtentionForMacDemo" */ = {
			isa = XCConfigurationList;
			buildConfigurations = (
				9802C02D2A0B39AB003E655B /* Debug */,
				9802C02E2A0B39AB003E655B /* Release */,
			);
			defaultConfigurationIsVisible = 0;
			defaultConfigurationName = Release;
		};
		986E65432A0E087600ED742A /* Build configuration list for PBXNativeTarget "VPNTunnel" */ = {
			isa = XCConfigurationList;
			buildConfigurations = (
				986E65442A0E087600ED742A /* Debug */,
				986E65452A0E087600ED742A /* Release */,
			);
			defaultConfigurationIsVisible = 0;
			defaultConfigurationName = Release;
		};
/* End XCConfigurationList section */
	};
	rootObject = 9802C0172A0B39A9003E655B /* Project object */;
}
